{
  "name": "core",
  "version": "1.0.0",
  "lockfileVersion": 1,
  "requires": true,
  "dependencies": {
    "beautiful-dom": {
      "version": "1.0.8",
      "resolved": "https://registry.npmjs.org/beautiful-dom/-/beautiful-dom-1.0.8.tgz",
      "integrity": "sha512-HjCwyiUSr6bsEjk8IFnKouh0b71IeA84FCugBRCHMrtGHuv4YYbv1O5u9AHS4SLq1AM6Xlf7l8w8muz+M2iSNA=="
    }
  }
}
